
Microsoft Visual Studio Solution File, Format Version 12.00
# Visual Studio Version 17
VisualStudioVersion = 17.13.35825.156
MinimumVisualStudioVersion = 10.0.40219.1
Project("{2150E333-8FDC-42A3-9474-1A3956D46DE8}") = "Services", "Services", "{02EA681E-C7D8-13C7-8484-4AC65E1B71E8}"
EndProject
Project("{2150E333-8FDC-42A3-9474-1A3956D46DE8}") = "Auth", "Auth", "{6F6C4800-C81D-46F1-930B-B39D65550CD1}"
EndProject
Project("{FAE04EC0-301F-11D3-BF4B-00C04F79EFBC}") = "Auth.API", "Services\Auth\Auth.API\Auth.API.csproj", "{35FFAB48-A0B2-4666-9981-2F0C928144C4}"
EndProject
Project("{FAE04EC0-301F-11D3-BF4B-00C04F79EFBC}") = "Auth.Application", "Services\Auth\Auth.Application\Auth.Application.csproj", "{38BFFE40-2B27-4EE2-96A3-6590DF80D4A8}"
EndProject
Project("{FAE04EC0-301F-11D3-BF4B-00C04F79EFBC}") = "Auth.Domain", "Services\Auth\Auth.Domain\Auth.Domain.csproj", "{75E4666E-07EF-427E-B49D-B1440BF3ACAD}"
EndProject
Project("{FAE04EC0-301F-11D3-BF4B-00C04F79EFBC}") = "Auth.Infrastructure", "Services\Auth\Auth.Infrastructure\Auth.Infrastructure.csproj", "{E64728BB-E4DA-4766-A2AD-18405484422A}"
EndProject
Project("{2150E333-8FDC-42A3-9474-1A3956D46DE8}") = "BuildingBlocks", "BuildingBlocks", "{6AFC240E-90BB-4CD8-8970-BB1E57F24718}"
EndProject
Project("{FAE04EC0-301F-11D3-BF4B-00C04F79EFBC}") = "BuildingBlocks", "BuildingBlocks\BuildingBlocks\BuildingBlocks.csproj", "{E091FAFA-0374-4E73-BB17-9B54838F9CB6}"
EndProject
Project("{2150E333-8FDC-42A3-9474-1A3956D46DE8}") = "Security", "Security", "{A741CB6B-C47D-4C37-8E9A-B01F9F95DB07}"
EndProject
Project("{FAE04EC0-301F-11D3-BF4B-00C04F79EFBC}") = "Security.API", "Services\Security\Security.API\Security.API.csproj", "{2171DDF0-AC47-4351-B2B6-B5FCB9AD4006}"
EndProject
Project("{FAE04EC0-301F-11D3-BF4B-00C04F79EFBC}") = "Security.Application", "Services\Security\Security.Application\Security.Application.csproj", "{A0442C51-33FD-4526-9FAE-0F2C004966DC}"
EndProject
Project("{FAE04EC0-301F-11D3-BF4B-00C04F79EFBC}") = "Security.Domain", "Services\Security\Security.Domain\Security.Domain.csproj", "{A03CB3B9-755A-462E-AAE5-A65EC5A054E7}"
EndProject
Project("{FAE04EC0-301F-11D3-BF4B-00C04F79EFBC}") = "Security.Infrastructure", "Services\Security\Security.Infrastructure\Security.Infrastructure.csproj", "{FEAE94A8-7CBC-4EA6-9023-245B96610554}"
EndProject
Project("{2150E333-8FDC-42A3-9474-1A3956D46DE8}") = "Event", "Event", "{5FAE8F89-FC9E-49A8-AD55-F8DD99FD2D38}"
EndProject
Project("{2150E333-8FDC-42A3-9474-1A3956D46DE8}") = "NewFolder1", "NewFolder1", "{8FE9A1BF-D22E-4B1F-89E5-259563A0E999}"
EndProject
Project("{2150E333-8FDC-42A3-9474-1A3956D46DE8}") = "Utilities", "Utilities", "{B09A23DF-CF3F-45F4-9DC8-4B16A98E8F0B}"
EndProject
Project("{FAE04EC0-301F-11D3-BF4B-00C04F79EFBC}") = "Common", "Utilities\Common\Common.csproj", "{0AEE11C4-25B0-49CD-81AB-ACC0F334AFB6}"
EndProject
Global
	GlobalSection(SolutionConfigurationPlatforms) = preSolution
		Debug|Any CPU = Debug|Any CPU
		Release|Any CPU = Release|Any CPU
	EndGlobalSection
	GlobalSection(ProjectConfigurationPlatforms) = postSolution
		{35FFAB48-A0B2-4666-9981-2F0C928144C4}.Debug|Any CPU.ActiveCfg = Debug|Any CPU
		{35FFAB48-A0B2-4666-9981-2F0C928144C4}.Debug|Any CPU.Build.0 = Debug|Any CPU
		{35FFAB48-A0B2-4666-9981-2F0C928144C4}.Release|Any CPU.ActiveCfg = Release|Any CPU
		{35FFAB48-A0B2-4666-9981-2F0C928144C4}.Release|Any CPU.Build.0 = Release|Any CPU
		{38BFFE40-2B27-4EE2-96A3-6590DF80D4A8}.Debug|Any CPU.ActiveCfg = Debug|Any CPU
		{38BFFE40-2B27-4EE2-96A3-6590DF80D4A8}.Debug|Any CPU.Build.0 = Debug|Any CPU
		{38BFFE40-2B27-4EE2-96A3-6590DF80D4A8}.Release|Any CPU.ActiveCfg = Release|Any CPU
		{38BFFE40-2B27-4EE2-96A3-6590DF80D4A8}.Release|Any CPU.Build.0 = Release|Any CPU
		{75E4666E-07EF-427E-B49D-B1440BF3ACAD}.Debug|Any CPU.ActiveCfg = Debug|Any CPU
		{75E4666E-07EF-427E-B49D-B1440BF3ACAD}.Debug|Any CPU.Build.0 = Debug|Any CPU
		{75E4666E-07EF-427E-B49D-B1440BF3ACAD}.Release|Any CPU.ActiveCfg = Release|Any CPU
		{75E4666E-07EF-427E-B49D-B1440BF3ACAD}.Release|Any CPU.Build.0 = Release|Any CPU
		{E64728BB-E4DA-4766-A2AD-18405484422A}.Debug|Any CPU.ActiveCfg = Debug|Any CPU
		{E64728BB-E4DA-4766-A2AD-18405484422A}.Debug|Any CPU.Build.0 = Debug|Any CPU
		{E64728BB-E4DA-4766-A2AD-18405484422A}.Release|Any CPU.ActiveCfg = Release|Any CPU
		{E64728BB-E4DA-4766-A2AD-18405484422A}.Release|Any CPU.Build.0 = Release|Any CPU
		{E091FAFA-0374-4E73-BB17-9B54838F9CB6}.Debug|Any CPU.ActiveCfg = Debug|Any CPU
		{E091FAFA-0374-4E73-BB17-9B54838F9CB6}.Debug|Any CPU.Build.0 = Debug|Any CPU
		{E091FAFA-0374-4E73-BB17-9B54838F9CB6}.Release|Any CPU.ActiveCfg = Release|Any CPU
		{E091FAFA-0374-4E73-BB17-9B54838F9CB6}.Release|Any CPU.Build.0 = Release|Any CPU
		{2171DDF0-AC47-4351-B2B6-B5FCB9AD4006}.Debug|Any CPU.ActiveCfg = Debug|Any CPU
		{2171DDF0-AC47-4351-B2B6-B5FCB9AD4006}.Debug|Any CPU.Build.0 = Debug|Any CPU
		{2171DDF0-AC47-4351-B2B6-B5FCB9AD4006}.Release|Any CPU.ActiveCfg = Release|Any CPU
		{2171DDF0-AC47-4351-B2B6-B5FCB9AD4006}.Release|Any CPU.Build.0 = Release|Any CPU
		{A0442C51-33FD-4526-9FAE-0F2C004966DC}.Debug|Any CPU.ActiveCfg = Debug|Any CPU
		{A0442C51-33FD-4526-9FAE-0F2C004966DC}.Debug|Any CPU.Build.0 = Debug|Any CPU
		{A0442C51-33FD-4526-9FAE-0F2C004966DC}.Release|Any CPU.ActiveCfg = Release|Any CPU
		{A0442C51-33FD-4526-9FAE-0F2C004966DC}.Release|Any CPU.Build.0 = Release|Any CPU
		{A03CB3B9-755A-462E-AAE5-A65EC5A054E7}.Debug|Any CPU.ActiveCfg = Debug|Any CPU
		{A03CB3B9-755A-462E-AAE5-A65EC5A054E7}.Debug|Any CPU.Build.0 = Debug|Any CPU
		{A03CB3B9-755A-462E-AAE5-A65EC5A054E7}.Release|Any CPU.ActiveCfg = Release|Any CPU
		{A03CB3B9-755A-462E-AAE5-A65EC5A054E7}.Release|Any CPU.Build.0 = Release|Any CPU
		{FEAE94A8-7CBC-4EA6-9023-245B96610554}.Debug|Any CPU.ActiveCfg = Debug|Any CPU
		{FEAE94A8-7CBC-4EA6-9023-245B96610554}.Debug|Any CPU.Build.0 = Debug|Any CPU
		{FEAE94A8-7CBC-4EA6-9023-245B96610554}.Release|Any CPU.ActiveCfg = Release|Any CPU
		{FEAE94A8-7CBC-4EA6-9023-245B96610554}.Release|Any CPU.Build.0 = Release|Any CPU
		{0AEE11C4-25B0-49CD-81AB-ACC0F334AFB6}.Debug|Any CPU.ActiveCfg = Debug|Any CPU
		{0AEE11C4-25B0-49CD-81AB-ACC0F334AFB6}.Debug|Any CPU.Build.0 = Debug|Any CPU
		{0AEE11C4-25B0-49CD-81AB-ACC0F334AFB6}.Release|Any CPU.ActiveCfg = Release|Any CPU
		{0AEE11C4-25B0-49CD-81AB-ACC0F334AFB6}.Release|Any CPU.Build.0 = Release|Any CPU
	EndGlobalSection
	GlobalSection(SolutionProperties) = preSolution
		HideSolutionNode = FALSE
	EndGlobalSection
	GlobalSection(NestedProjects) = preSolution
		{6F6C4800-C81D-46F1-930B-B39D65550CD1} = {02EA681E-C7D8-13C7-8484-4AC65E1B71E8}
		{35FFAB48-A0B2-4666-9981-2F0C928144C4} = {6F6C4800-C81D-46F1-930B-B39D65550CD1}
		{38BFFE40-2B27-4EE2-96A3-6590DF80D4A8} = {6F6C4800-C81D-46F1-930B-B39D65550CD1}
		{75E4666E-07EF-427E-B49D-B1440BF3ACAD} = {6F6C4800-C81D-46F1-930B-B39D65550CD1}
		{E64728BB-E4DA-4766-A2AD-18405484422A} = {6F6C4800-C81D-46F1-930B-B39D65550CD1}
		{E091FAFA-0374-4E73-BB17-9B54838F9CB6} = {6AFC240E-90BB-4CD8-8970-BB1E57F24718}
		{A741CB6B-C47D-4C37-8E9A-B01F9F95DB07} = {02EA681E-C7D8-13C7-8484-4AC65E1B71E8}
		{2171DDF0-AC47-4351-B2B6-B5FCB9AD4006} = {A741CB6B-C47D-4C37-8E9A-B01F9F95DB07}
		{A0442C51-33FD-4526-9FAE-0F2C004966DC} = {A741CB6B-C47D-4C37-8E9A-B01F9F95DB07}
		{A03CB3B9-755A-462E-AAE5-A65EC5A054E7} = {A741CB6B-C47D-4C37-8E9A-B01F9F95DB07}
		{FEAE94A8-7CBC-4EA6-9023-245B96610554} = {A741CB6B-C47D-4C37-8E9A-B01F9F95DB07}
		{5FAE8F89-FC9E-49A8-AD55-F8DD99FD2D38} = {02EA681E-C7D8-13C7-8484-4AC65E1B71E8}
		{8FE9A1BF-D22E-4B1F-89E5-259563A0E999} = {02EA681E-C7D8-13C7-8484-4AC65E1B71E8}
		{0AEE11C4-25B0-49CD-81AB-ACC0F334AFB6} = {B09A23DF-CF3F-45F4-9DC8-4B16A98E8F0B}
	EndGlobalSection
	GlobalSection(ExtensibilityGlobals) = postSolution
		SolutionGuid = {B3E93037-38C6-4139-9AD4-C524841C2A42}
	EndGlobalSection
EndGlobal
